
Microsoft Visual Studio Solution File, Format Version 12.00
# Visual Studio 15
VisualStudioVersion = 15.0.27205.0
MinimumVisualStudioVersion = 10.0.40219.1
Project("{FAE04EC0-301F-11D3-BF4B-00C04F79EFBC}") = "Selkie.Aco.Anthill", "Selkie.Aco.Anthill\Selkie.Aco.Anthill.csproj", "{33C99558-D63B-4406-A292-B9CE186F40CF}"
EndProject
Project("{FAE04EC0-301F-11D3-BF4B-00C04F79EFBC}") = "Selkie.Aco.Trails", "Selkie.Aco.Trails\Selkie.Aco.Trails.csproj", "{2BA5EFFE-EE53-4CA0-97D3-F31200AC71F3}"
EndProject
Project("{FAE04EC0-301F-11D3-BF4B-00C04F79EFBC}") = "Selkie.Aco.Common", "Selkie.Aco.Common\Selkie.Aco.Common.csproj", "{B54F394E-37FE-4C04-A821-1639035CD04E}"
EndProject
Project("{FAE04EC0-301F-11D3-BF4B-00C04F79EFBC}") = "Selkie.Aco.Ants", "Selkie.Aco.Ants\Selkie.Aco.Ants.csproj", "{ECEAE1CC-4B01-416E-B0D6-C8740DA8D5DF}"
EndProject
Project("{FAE04EC0-301F-11D3-BF4B-00C04F79EFBC}") = "Selkie.Aco.Example", "Selkie.Aco.Example\Selkie.Aco.Example.csproj", "{CFDA2CF3-0BF6-4059-9664-46E9EBDB0BA2}"
EndProject
Project("{2150E333-8FDC-42A3-9474-1A3956D46DE8}") = "Solution Items", "Solution Items", "{5DB36BA9-1029-4283-B153-8787742FC58A}"
EndProject
Project("{FAE04EC0-301F-11D3-BF4B-00C04F79EFBC}") = "Selkie.Aco.Common.Tests", "Selkie.Aco.Common.Tests\Selkie.Aco.Common.Tests.csproj", "{C68AF0A3-836B-4199-B848-09B5907AD85B}"
EndProject
Project("{FAE04EC0-301F-11D3-BF4B-00C04F79EFBC}") = "Selkie.Aco.Trails.Tests", "Selkie.Aco.Trails.Tests\Selkie.Aco.Trails.Tests.csproj", "{73F6DB5C-BA37-4BB9-833B-0E56A5B769F4}"
EndProject
Project("{FAE04EC0-301F-11D3-BF4B-00C04F79EFBC}") = "Selkie.Aco.Ants.Tests", "Selkie.Aco.Ants.Tests\Selkie.Aco.Ants.Tests.csproj", "{A78C99BD-77F9-4C03-87CD-A9EB146FB58D}"
EndProject
Project("{FAE04EC0-301F-11D3-BF4B-00C04F79EFBC}") = "Selkie.Aco.Anthill.Tests", "Selkie.Aco.Anthill.Tests\Selkie.Aco.Anthill.Tests.csproj", "{E202F408-65F4-426F-B3B1-CDCD2995DD0A}"
EndProject
Project("{FAE04EC0-301F-11D3-BF4B-00C04F79EFBC}") = "NuGet.Selkie.Aco", "NuGet.Selkie.Aco\NuGet.Selkie.Aco.csproj", "{0451BAEF-DF2E-4B98-8644-94EE9415E389}"
EndProject
Project("{2150E333-8FDC-42A3-9474-1A3956D46DE8}") = "Core2", "Core2", "{EF2D4E4D-B4CD-4EBA-8D32-558ED54B8D24}"
EndProject
Project("{FAE04EC0-301F-11D3-BF4B-00C04F79EFBC}") = "Core2.Selkie.Aco.Common", "Core2.Selkie.Aco.Common\Core2.Selkie.Aco.Common.csproj", "{B4592844-0EF0-425B-A002-1C288BC78E43}"
EndProject
Project("{2150E333-8FDC-42A3-9474-1A3956D46DE8}") = "Tests", "Tests", "{E1BA9BD3-BB6E-41E9-9D74-C24457939B49}"
EndProject
Project("{FAE04EC0-301F-11D3-BF4B-00C04F79EFBC}") = "Core2.Selkie.Aco.Common.Tests", "Core2.Selkie.Aco.Common.Tests\Core2.Selkie.Aco.Common.Tests.csproj", "{3BAE5603-2CF9-49DF-B40B-8CFCE1F9AD1F}"
EndProject
Project("{FAE04EC0-301F-11D3-BF4B-00C04F79EFBC}") = "Core2.Selkie.Aco.Ants", "Core2.Selkie.Aco.Ants\Core2.Selkie.Aco.Ants.csproj", "{9C78403E-40F0-4C75-B8D9-531AFE746CB4}"
EndProject
Project("{FAE04EC0-301F-11D3-BF4B-00C04F79EFBC}") = "Core2.Selkie.Aco.Trails", "Core2.Selkie.Aco.Trails\Core2.Selkie.Aco.Trails.csproj", "{E97D9E5E-A62B-47AA-9869-03D5532DEA3A}"
EndProject
Project("{FAE04EC0-301F-11D3-BF4B-00C04F79EFBC}") = "Core2.Selkie.Aco.Trails.Tests", "Core2.Selkie.Aco.Trails.Tests\Core2.Selkie.Aco.Trails.Tests.csproj", "{894A6E8C-F1C6-4D9B-BE28-E2480C0DD59C}"
EndProject
Project("{FAE04EC0-301F-11D3-BF4B-00C04F79EFBC}") = "Core2.Selkie.Aco.Ants.Tests", "Core2.Selkie.Aco.Ants.Tests\Core2.Selkie.Aco.Ants.Tests.csproj", "{B3146AE5-98B1-43E8-8E63-A4386D131E09}"
EndProject
Project("{FAE04EC0-301F-11D3-BF4B-00C04F79EFBC}") = "Core2.Selkie.Aco.Anthill", "Core2.Selkie.Aco.Anthill\Core2.Selkie.Aco.Anthill.csproj", "{B1DE0F89-2C0E-4AE5-B744-3513305819ED}"
EndProject
Project("{FAE04EC0-301F-11D3-BF4B-00C04F79EFBC}") = "Core2.Selkie.Aco.Anthill.Tests", "Core2.Selkie.Aco.Anthill.Tests\Core2.Selkie.Aco.Anthill.Tests.csproj", "{40DC05C0-B42F-463D-B158-DB5DF3B7E6B8}"
EndProject
Project("{2150E333-8FDC-42A3-9474-1A3956D46DE8}") = "Example", "Example", "{E97EDFE9-DD39-43D5-9D7D-167C67399ECA}"
EndProject
Project("{FAE04EC0-301F-11D3-BF4B-00C04F79EFBC}") = "Core2.Selkie.Aco.Example", "Core2.Selkie.Aco.Example\Core2.Selkie.Aco.Example.csproj", "{D7E55BFC-E846-4BEC-89E0-D7CE716D55BC}"
EndProject
Global
	GlobalSection(SolutionConfigurationPlatforms) = preSolution
		Debug|Any CPU = Debug|Any CPU
		Release|Any CPU = Release|Any CPU
	EndGlobalSection
	GlobalSection(ProjectConfigurationPlatforms) = postSolution
		{33C99558-D63B-4406-A292-B9CE186F40CF}.Debug|Any CPU.ActiveCfg = Debug|Any CPU
		{33C99558-D63B-4406-A292-B9CE186F40CF}.Debug|Any CPU.Build.0 = Debug|Any CPU
		{33C99558-D63B-4406-A292-B9CE186F40CF}.Release|Any CPU.ActiveCfg = Release|Any CPU
		{33C99558-D63B-4406-A292-B9CE186F40CF}.Release|Any CPU.Build.0 = Release|Any CPU
		{2BA5EFFE-EE53-4CA0-97D3-F31200AC71F3}.Debug|Any CPU.ActiveCfg = Debug|Any CPU
		{2BA5EFFE-EE53-4CA0-97D3-F31200AC71F3}.Debug|Any CPU.Build.0 = Debug|Any CPU
		{2BA5EFFE-EE53-4CA0-97D3-F31200AC71F3}.Release|Any CPU.ActiveCfg = Release|Any CPU
		{2BA5EFFE-EE53-4CA0-97D3-F31200AC71F3}.Release|Any CPU.Build.0 = Release|Any CPU
		{B54F394E-37FE-4C04-A821-1639035CD04E}.Debug|Any CPU.ActiveCfg = Debug|Any CPU
		{B54F394E-37FE-4C04-A821-1639035CD04E}.Debug|Any CPU.Build.0 = Debug|Any CPU
		{B54F394E-37FE-4C04-A821-1639035CD04E}.Release|Any CPU.ActiveCfg = Release|Any CPU
		{B54F394E-37FE-4C04-A821-1639035CD04E}.Release|Any CPU.Build.0 = Release|Any CPU
		{ECEAE1CC-4B01-416E-B0D6-C8740DA8D5DF}.Debug|Any CPU.ActiveCfg = Debug|Any CPU
		{ECEAE1CC-4B01-416E-B0D6-C8740DA8D5DF}.Debug|Any CPU.Build.0 = Debug|Any CPU
		{ECEAE1CC-4B01-416E-B0D6-C8740DA8D5DF}.Release|Any CPU.ActiveCfg = Release|Any CPU
		{ECEAE1CC-4B01-416E-B0D6-C8740DA8D5DF}.Release|Any CPU.Build.0 = Release|Any CPU
		{CFDA2CF3-0BF6-4059-9664-46E9EBDB0BA2}.Debug|Any CPU.ActiveCfg = Debug|Any CPU
		{CFDA2CF3-0BF6-4059-9664-46E9EBDB0BA2}.Debug|Any CPU.Build.0 = Debug|Any CPU
		{CFDA2CF3-0BF6-4059-9664-46E9EBDB0BA2}.Release|Any CPU.ActiveCfg = Release|Any CPU
		{CFDA2CF3-0BF6-4059-9664-46E9EBDB0BA2}.Release|Any CPU.Build.0 = Release|Any CPU
		{C68AF0A3-836B-4199-B848-09B5907AD85B}.Debug|Any CPU.ActiveCfg = Debug|Any CPU
		{C68AF0A3-836B-4199-B848-09B5907AD85B}.Debug|Any CPU.Build.0 = Debug|Any CPU
		{C68AF0A3-836B-4199-B848-09B5907AD85B}.Release|Any CPU.ActiveCfg = Release|Any CPU
		{C68AF0A3-836B-4199-B848-09B5907AD85B}.Release|Any CPU.Build.0 = Release|Any CPU
		{73F6DB5C-BA37-4BB9-833B-0E56A5B769F4}.Debug|Any CPU.ActiveCfg = Debug|Any CPU
		{73F6DB5C-BA37-4BB9-833B-0E56A5B769F4}.Debug|Any CPU.Build.0 = Debug|Any CPU
		{73F6DB5C-BA37-4BB9-833B-0E56A5B769F4}.Release|Any CPU.ActiveCfg = Release|Any CPU
		{73F6DB5C-BA37-4BB9-833B-0E56A5B769F4}.Release|Any CPU.Build.0 = Release|Any CPU
		{A78C99BD-77F9-4C03-87CD-A9EB146FB58D}.Debug|Any CPU.ActiveCfg = Debug|Any CPU
		{A78C99BD-77F9-4C03-87CD-A9EB146FB58D}.Debug|Any CPU.Build.0 = Debug|Any CPU
		{A78C99BD-77F9-4C03-87CD-A9EB146FB58D}.Release|Any CPU.ActiveCfg = Release|Any CPU
		{A78C99BD-77F9-4C03-87CD-A9EB146FB58D}.Release|Any CPU.Build.0 = Release|Any CPU
		{E202F408-65F4-426F-B3B1-CDCD2995DD0A}.Debug|Any CPU.ActiveCfg = Debug|Any CPU
		{E202F408-65F4-426F-B3B1-CDCD2995DD0A}.Debug|Any CPU.Build.0 = Debug|Any CPU
		{E202F408-65F4-426F-B3B1-CDCD2995DD0A}.Release|Any CPU.ActiveCfg = Release|Any CPU
		{E202F408-65F4-426F-B3B1-CDCD2995DD0A}.Release|Any CPU.Build.0 = Release|Any CPU
		{0451BAEF-DF2E-4B98-8644-94EE9415E389}.Debug|Any CPU.ActiveCfg = Debug|Any CPU
		{0451BAEF-DF2E-4B98-8644-94EE9415E389}.Debug|Any CPU.Build.0 = Debug|Any CPU
		{0451BAEF-DF2E-4B98-8644-94EE9415E389}.Release|Any CPU.ActiveCfg = Release|Any CPU
		{0451BAEF-DF2E-4B98-8644-94EE9415E389}.Release|Any CPU.Build.0 = Release|Any CPU
		{B4592844-0EF0-425B-A002-1C288BC78E43}.Debug|Any CPU.ActiveCfg = Debug|Any CPU
		{B4592844-0EF0-425B-A002-1C288BC78E43}.Debug|Any CPU.Build.0 = Debug|Any CPU
		{B4592844-0EF0-425B-A002-1C288BC78E43}.Release|Any CPU.ActiveCfg = Release|Any CPU
		{B4592844-0EF0-425B-A002-1C288BC78E43}.Release|Any CPU.Build.0 = Release|Any CPU
		{3BAE5603-2CF9-49DF-B40B-8CFCE1F9AD1F}.Debug|Any CPU.ActiveCfg = Debug|Any CPU
		{3BAE5603-2CF9-49DF-B40B-8CFCE1F9AD1F}.Debug|Any CPU.Build.0 = Debug|Any CPU
		{3BAE5603-2CF9-49DF-B40B-8CFCE1F9AD1F}.Release|Any CPU.ActiveCfg = Release|Any CPU
		{3BAE5603-2CF9-49DF-B40B-8CFCE1F9AD1F}.Release|Any CPU.Build.0 = Release|Any CPU
		{9C78403E-40F0-4C75-B8D9-531AFE746CB4}.Debug|Any CPU.ActiveCfg = Debug|Any CPU
		{9C78403E-40F0-4C75-B8D9-531AFE746CB4}.Debug|Any CPU.Build.0 = Debug|Any CPU
		{9C78403E-40F0-4C75-B8D9-531AFE746CB4}.Release|Any CPU.ActiveCfg = Release|Any CPU
		{9C78403E-40F0-4C75-B8D9-531AFE746CB4}.Release|Any CPU.Build.0 = Release|Any CPU
		{E97D9E5E-A62B-47AA-9869-03D5532DEA3A}.Debug|Any CPU.ActiveCfg = Debug|Any CPU
		{E97D9E5E-A62B-47AA-9869-03D5532DEA3A}.Debug|Any CPU.Build.0 = Debug|Any CPU
		{E97D9E5E-A62B-47AA-9869-03D5532DEA3A}.Release|Any CPU.ActiveCfg = Release|Any CPU
		{E97D9E5E-A62B-47AA-9869-03D5532DEA3A}.Release|Any CPU.Build.0 = Release|Any CPU
		{894A6E8C-F1C6-4D9B-BE28-E2480C0DD59C}.Debug|Any CPU.ActiveCfg = Debug|Any CPU
		{894A6E8C-F1C6-4D9B-BE28-E2480C0DD59C}.Debug|Any CPU.Build.0 = Debug|Any CPU
		{894A6E8C-F1C6-4D9B-BE28-E2480C0DD59C}.Release|Any CPU.ActiveCfg = Release|Any CPU
		{894A6E8C-F1C6-4D9B-BE28-E2480C0DD59C}.Release|Any CPU.Build.0 = Release|Any CPU
		{B3146AE5-98B1-43E8-8E63-A4386D131E09}.Debug|Any CPU.ActiveCfg = Debug|Any CPU
		{B3146AE5-98B1-43E8-8E63-A4386D131E09}.Debug|Any CPU.Build.0 = Debug|Any CPU
		{B3146AE5-98B1-43E8-8E63-A4386D131E09}.Release|Any CPU.ActiveCfg = Release|Any CPU
		{B3146AE5-98B1-43E8-8E63-A4386D131E09}.Release|Any CPU.Build.0 = Release|Any CPU
		{B1DE0F89-2C0E-4AE5-B744-3513305819ED}.Debug|Any CPU.ActiveCfg = Debug|Any CPU
		{B1DE0F89-2C0E-4AE5-B744-3513305819ED}.Debug|Any CPU.Build.0 = Debug|Any CPU
		{B1DE0F89-2C0E-4AE5-B744-3513305819ED}.Release|Any CPU.ActiveCfg = Release|Any CPU
		{B1DE0F89-2C0E-4AE5-B744-3513305819ED}.Release|Any CPU.Build.0 = Release|Any CPU
		{40DC05C0-B42F-463D-B158-DB5DF3B7E6B8}.Debug|Any CPU.ActiveCfg = Debug|Any CPU
		{40DC05C0-B42F-463D-B158-DB5DF3B7E6B8}.Debug|Any CPU.Build.0 = Debug|Any CPU
		{40DC05C0-B42F-463D-B158-DB5DF3B7E6B8}.Release|Any CPU.ActiveCfg = Release|Any CPU
		{40DC05C0-B42F-463D-B158-DB5DF3B7E6B8}.Release|Any CPU.Build.0 = Release|Any CPU
		{D7E55BFC-E846-4BEC-89E0-D7CE716D55BC}.Debug|Any CPU.ActiveCfg = Debug|Any CPU
		{D7E55BFC-E846-4BEC-89E0-D7CE716D55BC}.Debug|Any CPU.Build.0 = Debug|Any CPU
		{D7E55BFC-E846-4BEC-89E0-D7CE716D55BC}.Release|Any CPU.ActiveCfg = Release|Any CPU
		{D7E55BFC-E846-4BEC-89E0-D7CE716D55BC}.Release|Any CPU.Build.0 = Release|Any CPU
	EndGlobalSection
	GlobalSection(SolutionProperties) = preSolution
		HideSolutionNode = FALSE
	EndGlobalSection
	GlobalSection(NestedProjects) = preSolution
		{B4592844-0EF0-425B-A002-1C288BC78E43} = {EF2D4E4D-B4CD-4EBA-8D32-558ED54B8D24}
		{E1BA9BD3-BB6E-41E9-9D74-C24457939B49} = {EF2D4E4D-B4CD-4EBA-8D32-558ED54B8D24}
		{3BAE5603-2CF9-49DF-B40B-8CFCE1F9AD1F} = {E1BA9BD3-BB6E-41E9-9D74-C24457939B49}
		{9C78403E-40F0-4C75-B8D9-531AFE746CB4} = {EF2D4E4D-B4CD-4EBA-8D32-558ED54B8D24}
		{E97D9E5E-A62B-47AA-9869-03D5532DEA3A} = {EF2D4E4D-B4CD-4EBA-8D32-558ED54B8D24}
		{894A6E8C-F1C6-4D9B-BE28-E2480C0DD59C} = {E1BA9BD3-BB6E-41E9-9D74-C24457939B49}
		{B3146AE5-98B1-43E8-8E63-A4386D131E09} = {E1BA9BD3-BB6E-41E9-9D74-C24457939B49}
		{B1DE0F89-2C0E-4AE5-B744-3513305819ED} = {EF2D4E4D-B4CD-4EBA-8D32-558ED54B8D24}
		{40DC05C0-B42F-463D-B158-DB5DF3B7E6B8} = {E1BA9BD3-BB6E-41E9-9D74-C24457939B49}
		{E97EDFE9-DD39-43D5-9D7D-167C67399ECA} = {EF2D4E4D-B4CD-4EBA-8D32-558ED54B8D24}
		{D7E55BFC-E846-4BEC-89E0-D7CE716D55BC} = {E97EDFE9-DD39-43D5-9D7D-167C67399ECA}
	EndGlobalSection
	GlobalSection(ExtensibilityGlobals) = postSolution
		SolutionGuid = {6D2D9572-6F7E-48C9-B5A5-FA6BF47768FE}
	EndGlobalSection
EndGlobal
