
Microsoft Visual Studio Solution File, Format Version 12.00
# Visual Studio 15
VisualStudioVersion = 15.0.27205.0
MinimumVisualStudioVersion = 10.0.40219.1
Project("{FAE04EC0-301F-11D3-BF4B-00C04F79EFBC}") = "Core2.Selkie.Aco.Common", "Core2.Selkie.Aco.Common\Core2.Selkie.Aco.Common.csproj", "{B4592844-0EF0-425B-A002-1C288BC78E43}"
EndProject
Project("{2150E333-8FDC-42A3-9474-1A3956D46DE8}") = "Tests", "Tests", "{E1BA9BD3-BB6E-41E9-9D74-C24457939B49}"
EndProject
Project("{FAE04EC0-301F-11D3-BF4B-00C04F79EFBC}") = "Core2.Selkie.Aco.Common.Tests", "Core2.Selkie.Aco.Common.Tests\Core2.Selkie.Aco.Common.Tests.csproj", "{3BAE5603-2CF9-49DF-B40B-8CFCE1F9AD1F}"
EndProject
Project("{FAE04EC0-301F-11D3-BF4B-00C04F79EFBC}") = "Core2.Selkie.Aco.Ants", "Core2.Selkie.Aco.Ants\Core2.Selkie.Aco.Ants.csproj", "{9C78403E-40F0-4C75-B8D9-531AFE746CB4}"
EndProject
Project("{FAE04EC0-301F-11D3-BF4B-00C04F79EFBC}") = "Core2.Selkie.Aco.Trails", "Core2.Selkie.Aco.Trails\Core2.Selkie.Aco.Trails.csproj", "{E97D9E5E-A62B-47AA-9869-03D5532DEA3A}"
EndProject
Project("{FAE04EC0-301F-11D3-BF4B-00C04F79EFBC}") = "Core2.Selkie.Aco.Trails.Tests", "Core2.Selkie.Aco.Trails.Tests\Core2.Selkie.Aco.Trails.Tests.csproj", "{894A6E8C-F1C6-4D9B-BE28-E2480C0DD59C}"
EndProject
Project("{FAE04EC0-301F-11D3-BF4B-00C04F79EFBC}") = "Core2.Selkie.Aco.Ants.Tests", "Core2.Selkie.Aco.Ants.Tests\Core2.Selkie.Aco.Ants.Tests.csproj", "{B3146AE5-98B1-43E8-8E63-A4386D131E09}"
EndProject
Project("{FAE04EC0-301F-11D3-BF4B-00C04F79EFBC}") = "Core2.Selkie.Aco.Anthill", "Core2.Selkie.Aco.Anthill\Core2.Selkie.Aco.Anthill.csproj", "{B1DE0F89-2C0E-4AE5-B744-3513305819ED}"
EndProject
Project("{FAE04EC0-301F-11D3-BF4B-00C04F79EFBC}") = "Core2.Selkie.Aco.Anthill.Tests", "Core2.Selkie.Aco.Anthill.Tests\Core2.Selkie.Aco.Anthill.Tests.csproj", "{40DC05C0-B42F-463D-B158-DB5DF3B7E6B8}"
EndProject
Project("{2150E333-8FDC-42A3-9474-1A3956D46DE8}") = "Example", "Example", "{E97EDFE9-DD39-43D5-9D7D-167C67399ECA}"
EndProject
Project("{FAE04EC0-301F-11D3-BF4B-00C04F79EFBC}") = "Core2.Selkie.Aco.Example", "Core2.Selkie.Aco.Example\Core2.Selkie.Aco.Example.csproj", "{D7E55BFC-E846-4BEC-89E0-D7CE716D55BC}"
EndProject
Project("{FAE04EC0-301F-11D3-BF4B-00C04F79EFBC}") = "Core2.Selkie.Aco", "Core2.Selkie.Aco\Core2.Selkie.Aco.csproj", "{75791F9A-60AD-4730-9747-D7653D99AC10}"
EndProject
Project("{2150E333-8FDC-42A3-9474-1A3956D46DE8}") = "NuGet", "NuGet", "{6520CFF7-DEDA-441F-A123-B47C369FFA7D}"
EndProject
Global
	GlobalSection(SolutionConfigurationPlatforms) = preSolution
		Debug|Any CPU = Debug|Any CPU
		Release|Any CPU = Release|Any CPU
	EndGlobalSection
	GlobalSection(ProjectConfigurationPlatforms) = postSolution
		{B4592844-0EF0-425B-A002-1C288BC78E43}.Debug|Any CPU.ActiveCfg = Debug|Any CPU
		{B4592844-0EF0-425B-A002-1C288BC78E43}.Debug|Any CPU.Build.0 = Debug|Any CPU
		{B4592844-0EF0-425B-A002-1C288BC78E43}.Release|Any CPU.ActiveCfg = Release|Any CPU
		{B4592844-0EF0-425B-A002-1C288BC78E43}.Release|Any CPU.Build.0 = Release|Any CPU
		{3BAE5603-2CF9-49DF-B40B-8CFCE1F9AD1F}.Debug|Any CPU.ActiveCfg = Debug|Any CPU
		{3BAE5603-2CF9-49DF-B40B-8CFCE1F9AD1F}.Debug|Any CPU.Build.0 = Debug|Any CPU
		{3BAE5603-2CF9-49DF-B40B-8CFCE1F9AD1F}.Release|Any CPU.ActiveCfg = Release|Any CPU
		{3BAE5603-2CF9-49DF-B40B-8CFCE1F9AD1F}.Release|Any CPU.Build.0 = Release|Any CPU
		{9C78403E-40F0-4C75-B8D9-531AFE746CB4}.Debug|Any CPU.ActiveCfg = Debug|Any CPU
		{9C78403E-40F0-4C75-B8D9-531AFE746CB4}.Debug|Any CPU.Build.0 = Debug|Any CPU
		{9C78403E-40F0-4C75-B8D9-531AFE746CB4}.Release|Any CPU.ActiveCfg = Release|Any CPU
		{9C78403E-40F0-4C75-B8D9-531AFE746CB4}.Release|Any CPU.Build.0 = Release|Any CPU
		{E97D9E5E-A62B-47AA-9869-03D5532DEA3A}.Debug|Any CPU.ActiveCfg = Debug|Any CPU
		{E97D9E5E-A62B-47AA-9869-03D5532DEA3A}.Debug|Any CPU.Build.0 = Debug|Any CPU
		{E97D9E5E-A62B-47AA-9869-03D5532DEA3A}.Release|Any CPU.ActiveCfg = Release|Any CPU
		{E97D9E5E-A62B-47AA-9869-03D5532DEA3A}.Release|Any CPU.Build.0 = Release|Any CPU
		{894A6E8C-F1C6-4D9B-BE28-E2480C0DD59C}.Debug|Any CPU.ActiveCfg = Debug|Any CPU
		{894A6E8C-F1C6-4D9B-BE28-E2480C0DD59C}.Debug|Any CPU.Build.0 = Debug|Any CPU
		{894A6E8C-F1C6-4D9B-BE28-E2480C0DD59C}.Release|Any CPU.ActiveCfg = Release|Any CPU
		{894A6E8C-F1C6-4D9B-BE28-E2480C0DD59C}.Release|Any CPU.Build.0 = Release|Any CPU
		{B3146AE5-98B1-43E8-8E63-A4386D131E09}.Debug|Any CPU.ActiveCfg = Debug|Any CPU
		{B3146AE5-98B1-43E8-8E63-A4386D131E09}.Debug|Any CPU.Build.0 = Debug|Any CPU
		{B3146AE5-98B1-43E8-8E63-A4386D131E09}.Release|Any CPU.ActiveCfg = Release|Any CPU
		{B3146AE5-98B1-43E8-8E63-A4386D131E09}.Release|Any CPU.Build.0 = Release|Any CPU
		{B1DE0F89-2C0E-4AE5-B744-3513305819ED}.Debug|Any CPU.ActiveCfg = Debug|Any CPU
		{B1DE0F89-2C0E-4AE5-B744-3513305819ED}.Debug|Any CPU.Build.0 = Debug|Any CPU
		{B1DE0F89-2C0E-4AE5-B744-3513305819ED}.Release|Any CPU.ActiveCfg = Release|Any CPU
		{B1DE0F89-2C0E-4AE5-B744-3513305819ED}.Release|Any CPU.Build.0 = Release|Any CPU
		{40DC05C0-B42F-463D-B158-DB5DF3B7E6B8}.Debug|Any CPU.ActiveCfg = Debug|Any CPU
		{40DC05C0-B42F-463D-B158-DB5DF3B7E6B8}.Debug|Any CPU.Build.0 = Debug|Any CPU
		{40DC05C0-B42F-463D-B158-DB5DF3B7E6B8}.Release|Any CPU.ActiveCfg = Release|Any CPU
		{40DC05C0-B42F-463D-B158-DB5DF3B7E6B8}.Release|Any CPU.Build.0 = Release|Any CPU
		{D7E55BFC-E846-4BEC-89E0-D7CE716D55BC}.Debug|Any CPU.ActiveCfg = Debug|Any CPU
		{D7E55BFC-E846-4BEC-89E0-D7CE716D55BC}.Debug|Any CPU.Build.0 = Debug|Any CPU
		{D7E55BFC-E846-4BEC-89E0-D7CE716D55BC}.Release|Any CPU.ActiveCfg = Release|Any CPU
		{D7E55BFC-E846-4BEC-89E0-D7CE716D55BC}.Release|Any CPU.Build.0 = Release|Any CPU
		{75791F9A-60AD-4730-9747-D7653D99AC10}.Debug|Any CPU.ActiveCfg = Debug|Any CPU
		{75791F9A-60AD-4730-9747-D7653D99AC10}.Debug|Any CPU.Build.0 = Debug|Any CPU
		{75791F9A-60AD-4730-9747-D7653D99AC10}.Release|Any CPU.ActiveCfg = Release|Any CPU
		{75791F9A-60AD-4730-9747-D7653D99AC10}.Release|Any CPU.Build.0 = Release|Any CPU
	EndGlobalSection
	GlobalSection(SolutionProperties) = preSolution
		HideSolutionNode = FALSE
	EndGlobalSection
	GlobalSection(NestedProjects) = preSolution
		{3BAE5603-2CF9-49DF-B40B-8CFCE1F9AD1F} = {E1BA9BD3-BB6E-41E9-9D74-C24457939B49}
		{894A6E8C-F1C6-4D9B-BE28-E2480C0DD59C} = {E1BA9BD3-BB6E-41E9-9D74-C24457939B49}
		{B3146AE5-98B1-43E8-8E63-A4386D131E09} = {E1BA9BD3-BB6E-41E9-9D74-C24457939B49}
		{40DC05C0-B42F-463D-B158-DB5DF3B7E6B8} = {E1BA9BD3-BB6E-41E9-9D74-C24457939B49}
		{D7E55BFC-E846-4BEC-89E0-D7CE716D55BC} = {E97EDFE9-DD39-43D5-9D7D-167C67399ECA}
		{75791F9A-60AD-4730-9747-D7653D99AC10} = {6520CFF7-DEDA-441F-A123-B47C369FFA7D}
	EndGlobalSection
	GlobalSection(ExtensibilityGlobals) = postSolution
		SolutionGuid = {6D2D9572-6F7E-48C9-B5A5-FA6BF47768FE}
	EndGlobalSection
EndGlobal
