
Microsoft Visual Studio Solution File, Format Version 12.00
# Visual Studio 2013
VisualStudioVersion = 12.0.31101.0
MinimumVisualStudioVersion = 10.0.40219.1
Project("{FAE04EC0-301F-11D3-BF4B-00C04F79EFBC}") = "Selkie.Aco.Anthill", "Selkie.Aco.Anthill\Selkie.Aco.Anthill.csproj", "{33C99558-D63B-4406-A292-B9CE186F40CF}"
EndProject
Project("{FAE04EC0-301F-11D3-BF4B-00C04F79EFBC}") = "Selkie.Aco.Trails", "Selkie.Aco.Trails\Selkie.Aco.Trails.csproj", "{2BA5EFFE-EE53-4CA0-97D3-F31200AC71F3}"
EndProject
Project("{FAE04EC0-301F-11D3-BF4B-00C04F79EFBC}") = "Selkie.Aco.Common", "Selkie.Aco.Common\Selkie.Aco.Common.csproj", "{B54F394E-37FE-4C04-A821-1639035CD04E}"
EndProject
Project("{FAE04EC0-301F-11D3-BF4B-00C04F79EFBC}") = "Selkie.Aco.Ants", "Selkie.Aco.Ants\Selkie.Aco.Ants.csproj", "{ECEAE1CC-4B01-416E-B0D6-C8740DA8D5DF}"
EndProject
Project("{FAE04EC0-301F-11D3-BF4B-00C04F79EFBC}") = "Selkie.Aco.Example", "Selkie.Aco.Example\Selkie.Aco.Example.csproj", "{CFDA2CF3-0BF6-4059-9664-46E9EBDB0BA2}"
EndProject
Project("{2150E333-8FDC-42A3-9474-1A3956D46DE8}") = "Solution Items", "Solution Items", "{5DB36BA9-1029-4283-B153-8787742FC58A}"
EndProject
Project("{FAE04EC0-301F-11D3-BF4B-00C04F79EFBC}") = "Selkie.Aco.Common.Tests", "Selkie.Aco.Common.Tests\Selkie.Aco.Common.Tests.csproj", "{C68AF0A3-836B-4199-B848-09B5907AD85B}"
EndProject
Project("{FAE04EC0-301F-11D3-BF4B-00C04F79EFBC}") = "Selkie.Aco.Trails.Tests", "Selkie.Aco.Trails.Tests\Selkie.Aco.Trails.Tests.csproj", "{73F6DB5C-BA37-4BB9-833B-0E56A5B769F4}"
EndProject
Project("{FAE04EC0-301F-11D3-BF4B-00C04F79EFBC}") = "Selkie.Aco.Ants.Tests", "Selkie.Aco.Ants.Tests\Selkie.Aco.Ants.Tests.csproj", "{A78C99BD-77F9-4C03-87CD-A9EB146FB58D}"
EndProject
Project("{FAE04EC0-301F-11D3-BF4B-00C04F79EFBC}") = "Selkie.Aco.Anthill.Tests", "Selkie.Aco.Anthill.Tests\Selkie.Aco.Anthill.Tests.csproj", "{E202F408-65F4-426F-B3B1-CDCD2995DD0A}"
EndProject
Project("{FAE04EC0-301F-11D3-BF4B-00C04F79EFBC}") = "NuGet.Selkie.Aco", "NuGet.Selkie.Aco\NuGet.Selkie.Aco.csproj", "{0451BAEF-DF2E-4B98-8644-94EE9415E389}"
EndProject
Global
	GlobalSection(SolutionConfigurationPlatforms) = preSolution
		Debug|Any CPU = Debug|Any CPU
		Release|Any CPU = Release|Any CPU
	EndGlobalSection
	GlobalSection(ProjectConfigurationPlatforms) = postSolution
		{33C99558-D63B-4406-A292-B9CE186F40CF}.Debug|Any CPU.ActiveCfg = Debug|Any CPU
		{33C99558-D63B-4406-A292-B9CE186F40CF}.Debug|Any CPU.Build.0 = Debug|Any CPU
		{33C99558-D63B-4406-A292-B9CE186F40CF}.Release|Any CPU.ActiveCfg = Release|Any CPU
		{33C99558-D63B-4406-A292-B9CE186F40CF}.Release|Any CPU.Build.0 = Release|Any CPU
		{2BA5EFFE-EE53-4CA0-97D3-F31200AC71F3}.Debug|Any CPU.ActiveCfg = Debug|Any CPU
		{2BA5EFFE-EE53-4CA0-97D3-F31200AC71F3}.Debug|Any CPU.Build.0 = Debug|Any CPU
		{2BA5EFFE-EE53-4CA0-97D3-F31200AC71F3}.Release|Any CPU.ActiveCfg = Release|Any CPU
		{2BA5EFFE-EE53-4CA0-97D3-F31200AC71F3}.Release|Any CPU.Build.0 = Release|Any CPU
		{B54F394E-37FE-4C04-A821-1639035CD04E}.Debug|Any CPU.ActiveCfg = Debug|Any CPU
		{B54F394E-37FE-4C04-A821-1639035CD04E}.Debug|Any CPU.Build.0 = Debug|Any CPU
		{B54F394E-37FE-4C04-A821-1639035CD04E}.Release|Any CPU.ActiveCfg = Release|Any CPU
		{B54F394E-37FE-4C04-A821-1639035CD04E}.Release|Any CPU.Build.0 = Release|Any CPU
		{ECEAE1CC-4B01-416E-B0D6-C8740DA8D5DF}.Debug|Any CPU.ActiveCfg = Debug|Any CPU
		{ECEAE1CC-4B01-416E-B0D6-C8740DA8D5DF}.Debug|Any CPU.Build.0 = Debug|Any CPU
		{ECEAE1CC-4B01-416E-B0D6-C8740DA8D5DF}.Release|Any CPU.ActiveCfg = Release|Any CPU
		{ECEAE1CC-4B01-416E-B0D6-C8740DA8D5DF}.Release|Any CPU.Build.0 = Release|Any CPU
		{CFDA2CF3-0BF6-4059-9664-46E9EBDB0BA2}.Debug|Any CPU.ActiveCfg = Debug|Any CPU
		{CFDA2CF3-0BF6-4059-9664-46E9EBDB0BA2}.Debug|Any CPU.Build.0 = Debug|Any CPU
		{CFDA2CF3-0BF6-4059-9664-46E9EBDB0BA2}.Release|Any CPU.ActiveCfg = Release|Any CPU
		{CFDA2CF3-0BF6-4059-9664-46E9EBDB0BA2}.Release|Any CPU.Build.0 = Release|Any CPU
		{C68AF0A3-836B-4199-B848-09B5907AD85B}.Debug|Any CPU.ActiveCfg = Debug|Any CPU
		{C68AF0A3-836B-4199-B848-09B5907AD85B}.Debug|Any CPU.Build.0 = Debug|Any CPU
		{C68AF0A3-836B-4199-B848-09B5907AD85B}.Release|Any CPU.ActiveCfg = Release|Any CPU
		{C68AF0A3-836B-4199-B848-09B5907AD85B}.Release|Any CPU.Build.0 = Release|Any CPU
		{73F6DB5C-BA37-4BB9-833B-0E56A5B769F4}.Debug|Any CPU.ActiveCfg = Debug|Any CPU
		{73F6DB5C-BA37-4BB9-833B-0E56A5B769F4}.Debug|Any CPU.Build.0 = Debug|Any CPU
		{73F6DB5C-BA37-4BB9-833B-0E56A5B769F4}.Release|Any CPU.ActiveCfg = Release|Any CPU
		{73F6DB5C-BA37-4BB9-833B-0E56A5B769F4}.Release|Any CPU.Build.0 = Release|Any CPU
		{A78C99BD-77F9-4C03-87CD-A9EB146FB58D}.Debug|Any CPU.ActiveCfg = Debug|Any CPU
		{A78C99BD-77F9-4C03-87CD-A9EB146FB58D}.Debug|Any CPU.Build.0 = Debug|Any CPU
		{A78C99BD-77F9-4C03-87CD-A9EB146FB58D}.Release|Any CPU.ActiveCfg = Release|Any CPU
		{A78C99BD-77F9-4C03-87CD-A9EB146FB58D}.Release|Any CPU.Build.0 = Release|Any CPU
		{E202F408-65F4-426F-B3B1-CDCD2995DD0A}.Debug|Any CPU.ActiveCfg = Debug|Any CPU
		{E202F408-65F4-426F-B3B1-CDCD2995DD0A}.Debug|Any CPU.Build.0 = Debug|Any CPU
		{E202F408-65F4-426F-B3B1-CDCD2995DD0A}.Release|Any CPU.ActiveCfg = Release|Any CPU
		{E202F408-65F4-426F-B3B1-CDCD2995DD0A}.Release|Any CPU.Build.0 = Release|Any CPU
		{0451BAEF-DF2E-4B98-8644-94EE9415E389}.Debug|Any CPU.ActiveCfg = Debug|Any CPU
		{0451BAEF-DF2E-4B98-8644-94EE9415E389}.Debug|Any CPU.Build.0 = Debug|Any CPU
		{0451BAEF-DF2E-4B98-8644-94EE9415E389}.Release|Any CPU.ActiveCfg = Release|Any CPU
		{0451BAEF-DF2E-4B98-8644-94EE9415E389}.Release|Any CPU.Build.0 = Release|Any CPU
	EndGlobalSection
	GlobalSection(SolutionProperties) = preSolution
		HideSolutionNode = FALSE
	EndGlobalSection
EndGlobal
